
Microsoft Visual Studio Solution File, Format Version 12.00
# Visual Studio Version 17
VisualStudioVersion = 17.8.34511.84
MinimumVisualStudioVersion = 10.0.40219.1
Project("{9A19103F-16F7-4668-BE54-9A1E7A4F7556}") = "OrsaAkademi.demo.WebApp", "OrsaAkademi.demo.WebApp.csproj", "{82E22001-2E9D-4D79-90CE-08E3732C67A0}"
EndProject
Project("{9A19103F-16F7-4668-BE54-9A1E7A4F7556}") = "OrsaAkademi.demo.models", "..\OrsaAkademi.demo.models\OrsaAkademi.demo.models.csproj", "{9C29A568-10E3-4605-A31F-24ADD874E2FE}"
EndProject
Global
	GlobalSection(SolutionConfigurationPlatforms) = preSolution
		Debug|Any CPU = Debug|Any CPU
		Release|Any CPU = Release|Any CPU
	EndGlobalSection
	GlobalSection(ProjectConfigurationPlatforms) = postSolution
		{82E22001-2E9D-4D79-90CE-08E3732C67A0}.Debug|Any CPU.ActiveCfg = Debug|Any CPU
		{82E22001-2E9D-4D79-90CE-08E3732C67A0}.Debug|Any CPU.Build.0 = Debug|Any CPU
		{82E22001-2E9D-4D79-90CE-08E3732C67A0}.Release|Any CPU.ActiveCfg = Release|Any CPU
		{82E22001-2E9D-4D79-90CE-08E3732C67A0}.Release|Any CPU.Build.0 = Release|Any CPU
		{9C29A568-10E3-4605-A31F-24ADD874E2FE}.Debug|Any CPU.ActiveCfg = Debug|Any CPU
		{9C29A568-10E3-4605-A31F-24ADD874E2FE}.Debug|Any CPU.Build.0 = Debug|Any CPU
		{9C29A568-10E3-4605-A31F-24ADD874E2FE}.Release|Any CPU.ActiveCfg = Release|Any CPU
		{9C29A568-10E3-4605-A31F-24ADD874E2FE}.Release|Any CPU.Build.0 = Release|Any CPU
	EndGlobalSection
	GlobalSection(SolutionProperties) = preSolution
		HideSolutionNode = FALSE
	EndGlobalSection
	GlobalSection(ExtensibilityGlobals) = postSolution
		SolutionGuid = {578EE810-F74E-4AF7-993D-DA5B04A22E5E}
	EndGlobalSection
EndGlobal
